
Microsoft Visual Studio Solution File, Format Version 12.00
# Visual Studio 15
VisualStudioVersion = 15.0.27703.2042
MinimumVisualStudioVersion = 10.0.40219.1
Project("{FAE04EC0-301F-11D3-BF4B-00C04F79EFBC}") = "WebApplication1", "WebApplication1\WebApplication1.csproj", "{986DE225-420C-4778-B257-A5457A5CD457}"
EndProject
Global
	GlobalSection(SolutionConfigurationPlatforms) = preSolution
		Debug|Any CPU = Debug|Any CPU
		Release|Any CPU = Release|Any CPU
	EndGlobalSection
	GlobalSection(ProjectConfigurationPlatforms) = postSolution
		{986DE225-420C-4778-B257-A5457A5CD457}.Debug|Any CPU.ActiveCfg = Debug|Any CPU
		{986DE225-420C-4778-B257-A5457A5CD457}.Debug|Any CPU.Build.0 = Debug|Any CPU
		{986DE225-420C-4778-B257-A5457A5CD457}.Release|Any CPU.ActiveCfg = Release|Any CPU
		{986DE225-420C-4778-B257-A5457A5CD457}.Release|Any CPU.Build.0 = Release|Any CPU
	EndGlobalSection
	GlobalSection(SolutionProperties) = preSolution
		HideSolutionNode = FALSE
	EndGlobalSection
	GlobalSection(ExtensibilityGlobals) = postSolution
		SolutionGuid = {9C55EEC5-B4C6-4050-8284-539C797B09F9}
	EndGlobalSection
EndGlobal
